# THIS IS AN AUTOGENERATED FILE. DO NOT EDIT THIS FILE DIRECTLY.
# yarn lockfile v1


cssesc@^3.0.0:
  version "3.0.0"
  resolved "https://registry.yarnpkg.com/cssesc/-/cssesc-3.0.0.tgz#37741919903b868565e1c09ea747445cd18983ee"
  integrity sha512-/Tb/JcjK111nNScGob5MNtsntNM1aCNUDipB/TkwZFhyDrrE47SOx/18wF2bbjgc3ZzCSKW1T5nt5EbFoAz/Vg==

dlv@^1.1.3:
  version "1.1.3"
  resolved "https://registry.yarnpkg.com/dlv/-/dlv-1.1.3.tgz#5c198a8a11453596e751494d49874bc7732f2e79"
  integrity sha512-+HlytyjlPKnIG8XuRG8WvmBP8xs8P71y+SKKS6ZXWoEgLuePxtDoUEiH7WkdePWrQ5JBpE6aoVqfZfJUQkjXwA==

merge@2.1.1:
  version "2.1.1"
  resolved "https://registry.yarnpkg.com/merge/-/merge-2.1.1.tgz#59ef4bf7e0b3e879186436e8481c06a6c162ca98"
  integrity sha512-jz+Cfrg9GWOZbQAnDQ4hlVnQky+341Yk5ru8bZSe6sIDTCIg8n9i/u7hSQGSVOF3C7lH6mGtqjkiT9G4wFLL0w==

nanoid@^3.3.6:
  version "3.3.6"
  resolved "https://registry.yarnpkg.com/nanoid/-/nanoid-3.3.6.tgz#443380c856d6e9f9824267d960b4236ad583ea4c"
  integrity sha512-BGcqMMJuToF7i1rt+2PWSNVnWIkGCU78jBG3RxO/bZlnZPK2Cmi2QaffxGO/2RvWi9sL+FAiRiXMgsyxQ1DIDA==

picocolors@^1.0.0:
  version "1.0.0"
  resolved "https://registry.yarnpkg.com/picocolors/-/picocolors-1.0.0.tgz#cb5bdc74ff3f51892236eaf79d68bc44564ab81c"
  integrity sha512-1fygroTLlHu66zi26VoTDv8yRgm0Fccecssto+MhsZ0D/DGW2sm8E8AjW7NU5VVTRt5GxbeZ5qBuJr+HyLYkjQ==

postcss-media-query-parser@^0.2.3:
  version "0.2.3"
  resolved "https://registry.yarnpkg.com/postcss-media-query-parser/-/postcss-media-query-parser-0.2.3.tgz#27b39c6f4d94f81b1a73b8f76351c609e5cef244"

postcss-resolve-nested-selector@^0.1.1:
  version "0.1.1"
  resolved "https://registry.yarnpkg.com/postcss-resolve-nested-selector/-/postcss-resolve-nested-selector-0.1.1.tgz#29ccbc7c37dedfac304e9fff0bf1596b3f6a0e4e"

postcss-scss@4.0.6, postcss-scss@^4.0.6:
  version "4.0.6"
  resolved "https://registry.yarnpkg.com/postcss-scss/-/postcss-scss-4.0.6.tgz#5d62a574b950a6ae12f2aa89b60d63d9e4432bfd"
  integrity sha512-rLDPhJY4z/i4nVFZ27j9GqLxj1pwxE80eAzUNRMXtcpipFYIeowerzBgG3yJhMtObGEXidtIgbUpQ3eLDsf5OQ==

postcss-selector-parser@^6.0.11:
  version "6.0.11"
  resolved "https://registry.yarnpkg.com/postcss-selector-parser/-/postcss-selector-parser-6.0.11.tgz#2e41dc39b7ad74046e1615185185cd0b17d0c8dc"
  integrity sha512-zbARubNdogI9j7WY4nQJBiNqQf3sLS3wCP4WfOidu+p28LofJqDH1tcXypGrcmMHhDk2t9wGhCsYe/+szLTy1g==
  dependencies:
    cssesc "^3.0.0"
    util-deprecate "^1.0.2"

postcss-sorting@^8.0.2:
  version "8.0.2"
  resolved "https://registry.yarnpkg.com/postcss-sorting/-/postcss-sorting-8.0.2.tgz#6393385ece272baf74bee9820fb1b58098e4eeca"
  integrity sha512-M9dkSrmU00t/jK7rF6BZSZauA5MAaBW4i5EnJXspMwt4iqTh/L9j6fgMnbElEOfyRyfLfVbIHj/R52zHzAPe1Q==

postcss-value-parser@^4.2.0:
  version "4.2.0"
  resolved "https://registry.yarnpkg.com/postcss-value-parser/-/postcss-value-parser-4.2.0.tgz#723c09920836ba6d3e5af019f92bc0971c02e514"
  integrity sha512-1NNCs6uurfkVbeXG4S8JFT9t19m45ICnif8zWLd5oPSZ50QnwMfK+H3jv408d4jw/7Bttv5axS5IiHoLaVNHeQ==

postcss@^8.4.21:
  version "8.4.23"
  resolved "https://registry.yarnpkg.com/postcss/-/postcss-8.4.23.tgz#df0aee9ac7c5e53e1075c24a3613496f9e6552ab"
  integrity sha512-bQ3qMcpF6A/YjR55xtoTr0jGOlnPOKAIMdOWiv0EIT6HVPEaJiJB4NLljSbiHoC2RX7DN5Uvjtpbg1NPdwv1oA==
  dependencies:
    nanoid "^3.3.6"
    picocolors "^1.0.0"
    source-map-js "^1.0.2"

source-map-js@^1.0.2:
  version "1.0.2"
  resolved "https://registry.yarnpkg.com/source-map-js/-/source-map-js-1.0.2.tgz#adbc361d9c62df380125e7f161f71c826f1e490c"
  integrity sha512-R0XvVJ9WusLiqTCEiGCmICCMplcCkIwwR11mOSD9CR5u+IXYdiseeEuXCVAjS54zqwkLcPNnmU4OeJ6tUrWhDw==

style-search@^0.1.0:
  version "0.1.0"
  resolved "https://registry.yarnpkg.com/style-search/-/style-search-0.1.0.tgz#7958c793e47e32e07d2b5cafe5c0bf8e12e77902"

stylelint-config-recommended-scss@^11.0.0:
  version "11.0.0"
  resolved "https://registry.yarnpkg.com/stylelint-config-recommended-scss/-/stylelint-config-recommended-scss-11.0.0.tgz#7b933ecac99cd3b52d14d1746e3ecd36f421b4b6"
  integrity sha512-EDghTDU7aOv2LTsRZvcT1w8mcjUaMhuy+t38iV5I/0Qiu6ixdkRwhLEMul3K/fnB2v9Nwqvb3xpvJfPH+HduDw==
  dependencies:
    postcss-scss "^4.0.6"
    stylelint-config-recommended "^12.0.0"
    stylelint-scss "^4.6.0"

stylelint-config-recommended@^12.0.0:
  version "12.0.0"
  resolved "https://registry.yarnpkg.com/stylelint-config-recommended/-/stylelint-config-recommended-12.0.0.tgz#d0993232fca017065fd5acfcb52dd8a188784ef4"
  integrity sha512-x6x8QNARrGO2sG6iURkzqL+Dp+4bJorPMMRNPScdvaUK8PsynriOcMW7AFDKqkWAS5wbue/u8fUT/4ynzcmqdQ==

stylelint-config-standard-scss@9.0.0:
  version "9.0.0"
  resolved "https://registry.yarnpkg.com/stylelint-config-standard-scss/-/stylelint-config-standard-scss-9.0.0.tgz#70c66e1179612519fdf6ca1dbff23c804def1b6b"
  integrity sha512-yPKpJsrZn4ybuQZx/DkEHuCjw7pJginErE/47dFhCnrvD48IJ4UYec8tSiCuJWMA3HRjbIa3nh5ZeSauDGuVAg==
  dependencies:
    stylelint-config-recommended-scss "^11.0.0"
    stylelint-config-standard "^33.0.0"

stylelint-config-standard@33.0.0, stylelint-config-standard@^33.0.0:
  version "33.0.0"
  resolved "https://registry.yarnpkg.com/stylelint-config-standard/-/stylelint-config-standard-33.0.0.tgz#1f7bb299153a53874073e93829e37a475842f0f9"
  integrity sha512-eyxnLWoXImUn77+ODIuW9qXBDNM+ALN68L3wT1lN2oNspZ7D9NVGlNHb2QCUn4xDug6VZLsh0tF8NyoYzkgTzg==
  dependencies:
    stylelint-config-recommended "^12.0.0"

stylelint-order@6.0.3:
  version "6.0.3"
  resolved "https://registry.yarnpkg.com/stylelint-order/-/stylelint-order-6.0.3.tgz#160b78650bd90463241b992581efee7159baefc2"
  integrity sha512-1j1lOb4EU/6w49qZeT2SQVJXm0Ht+Qnq9GMfUa3pMwoyojIWfuA+JUDmoR97Bht1RLn4ei0xtLGy87M7d29B1w==
  dependencies:
    postcss "^8.4.21"
    postcss-sorting "^8.0.2"

stylelint-scss@5.0.0:
  version "5.0.0"
  resolved "https://registry.yarnpkg.com/stylelint-scss/-/stylelint-scss-5.0.0.tgz#2ec6323bac8003fa64871f3fbb75108270e99b83"
  integrity sha512-5Ee5kG3JIcP2jk2PMoFMiNmW/815V+wK5o37X5ke90ihWMpPXI9iyqeA6zEWipWSRXeQc0kqbd7hKqiR+wPKNA==
  dependencies:
    postcss-media-query-parser "^0.2.3"
    postcss-resolve-nested-selector "^0.1.1"
    postcss-selector-parser "^6.0.11"
    postcss-value-parser "^4.2.0"

stylelint-scss@^4.6.0:
  version "4.6.0"
  resolved "https://registry.yarnpkg.com/stylelint-scss/-/stylelint-scss-4.6.0.tgz#f7602d6d562bb256802e38e3fd5e49c46d2e31b6"
  integrity sha512-M+E0BQim6G4XEkaceEhfVjP/41C9Klg5/tTPTCQVlgw/jm2tvB+OXJGaU0TDP5rnTCB62aX6w+rT+gqJW/uwjA==
  dependencies:
    dlv "^1.1.3"
    postcss-media-query-parser "^0.2.3"
    postcss-resolve-nested-selector "^0.1.1"
    postcss-selector-parser "^6.0.11"
    postcss-value-parser "^4.2.0"

stylelint-stylistic@0.4.0:
  version "0.4.0"
  resolved "https://registry.yarnpkg.com/stylelint-stylistic/-/stylelint-stylistic-0.4.0.tgz#c99a92715cd161d8d0ba1277d2300797f41c194c"
  integrity sha512-8x6sClY6D+wrdTZD9kEcIcyH6Qv3nXapngd8INEI0iABukdecepZcme+RpxMOJCe4ngacBZf+JlCLjDjKadBcA==
  dependencies:
    postcss "^8.4.21"
    postcss-media-query-parser "^0.2.3"
    postcss-value-parser "^4.2.0"
    style-search "^0.1.0"

util-deprecate@^1.0.2:
  version "1.0.2"
  resolved "https://registry.yarnpkg.com/util-deprecate/-/util-deprecate-1.0.2.tgz#450d4dc9fa70de732762fbd2d4a28981419a0ccf"
