# THIS IS AN AUTOGENERATED FILE. DO NOT EDIT THIS FILE DIRECTLY.
# yarn lockfile v1


"@we-make-websites/tannoy@1.14.0":
  version "1.14.0"
  resolved "https://npm.pkg.github.com/download/@we-make-websites/tannoy/1.14.0/50bc795469613cdd25a752a0910a77faac847603#50bc795469613cdd25a752a0910a77faac847603"
  integrity sha512-IlrGWACDvcGU7qXed4Jq/fwGQcIvzX13s5VhPXxXYqKQjL0xljJ7XHkaV4xkaJbJtKT7OMI9g7AiUDBl/K3Xgw==
  dependencies:
    console-clear "1.1.1"

console-clear@1.1.1:
  version "1.1.1"
  resolved "https://registry.yarnpkg.com/console-clear/-/console-clear-1.1.1.tgz#995e20cbfbf14dd792b672cde387bd128d674bf7"
  integrity sha512-pMD+MVR538ipqkG5JXeOEbKWS5um1H4LUUccUQG68qpeqBYbzYy79Gh55jkd2TtPdRfUaLWdv6LPP//5Zt0aPQ==
